
Microsoft Visual Studio Solution File, Format Version 12.00
# Visual Studio Version 17
VisualStudioVersion = 17.13.35919.96
MinimumVisualStudioVersion = 10.0.40219.1
Project("{FAE04EC0-301F-11D3-BF4B-00C04F79EFBC}") = "LibrarySystem.Web", "LibrarySystem.Web\LibrarySystem.Web.csproj", "{3EDECB1C-6719-42EF-B033-B3C86FE0DA51}"
EndProject
Project("{FAE04EC0-301F-11D3-BF4B-00C04F79EFBC}") = "LibrarySystem.Domain", "LibrarySystem.Domain\LibrarySystem.Domain.csproj", "{9CF44F04-6B90-4BD6-A487-96F25417179A}"
EndProject
Project("{FAE04EC0-301F-11D3-BF4B-00C04F79EFBC}") = "LibrarySystem.Repository", "LibrarySystem.Repository\LibrarySystem.Repository.csproj", "{B2984DBD-CF61-461F-9F2F-9168023D9F42}"
EndProject
Project("{FAE04EC0-301F-11D3-BF4B-00C04F79EFBC}") = "LibrarySystem.Service", "LibrarySystem.Service\LibrarySystem.Service.csproj", "{30CD91CC-0222-465E-B543-14E3AD97B116}"
EndProject
Project("{FAE04EC0-301F-11D3-BF4B-00C04F79EFBC}") = "LibrarySystem.Tests", "LibrarySystem.Tests\LibrarySystem.Tests.csproj", "{0C757455-4D91-4548-B627-22E4DDBAEB12}"
EndProject
Global
	GlobalSection(SolutionConfigurationPlatforms) = preSolution
		Debug|Any CPU = Debug|Any CPU
		Release|Any CPU = Release|Any CPU
	EndGlobalSection
	GlobalSection(ProjectConfigurationPlatforms) = postSolution
		{3EDECB1C-6719-42EF-B033-B3C86FE0DA51}.Debug|Any CPU.ActiveCfg = Debug|Any CPU
		{3EDECB1C-6719-42EF-B033-B3C86FE0DA51}.Debug|Any CPU.Build.0 = Debug|Any CPU
		{3EDECB1C-6719-42EF-B033-B3C86FE0DA51}.Release|Any CPU.ActiveCfg = Release|Any CPU
		{3EDECB1C-6719-42EF-B033-B3C86FE0DA51}.Release|Any CPU.Build.0 = Release|Any CPU
		{9CF44F04-6B90-4BD6-A487-96F25417179A}.Debug|Any CPU.ActiveCfg = Debug|Any CPU
		{9CF44F04-6B90-4BD6-A487-96F25417179A}.Debug|Any CPU.Build.0 = Debug|Any CPU
		{9CF44F04-6B90-4BD6-A487-96F25417179A}.Release|Any CPU.ActiveCfg = Release|Any CPU
		{9CF44F04-6B90-4BD6-A487-96F25417179A}.Release|Any CPU.Build.0 = Release|Any CPU
		{B2984DBD-CF61-461F-9F2F-9168023D9F42}.Debug|Any CPU.ActiveCfg = Debug|Any CPU
		{B2984DBD-CF61-461F-9F2F-9168023D9F42}.Debug|Any CPU.Build.0 = Debug|Any CPU
		{B2984DBD-CF61-461F-9F2F-9168023D9F42}.Release|Any CPU.ActiveCfg = Release|Any CPU
		{B2984DBD-CF61-461F-9F2F-9168023D9F42}.Release|Any CPU.Build.0 = Release|Any CPU
		{30CD91CC-0222-465E-B543-14E3AD97B116}.Debug|Any CPU.ActiveCfg = Debug|Any CPU
		{30CD91CC-0222-465E-B543-14E3AD97B116}.Debug|Any CPU.Build.0 = Debug|Any CPU
		{30CD91CC-0222-465E-B543-14E3AD97B116}.Release|Any CPU.ActiveCfg = Release|Any CPU
		{30CD91CC-0222-465E-B543-14E3AD97B116}.Release|Any CPU.Build.0 = Release|Any CPU
		{0C757455-4D91-4548-B627-22E4DDBAEB12}.Debug|Any CPU.ActiveCfg = Debug|Any CPU
		{0C757455-4D91-4548-B627-22E4DDBAEB12}.Debug|Any CPU.Build.0 = Debug|Any CPU
		{0C757455-4D91-4548-B627-22E4DDBAEB12}.Release|Any CPU.ActiveCfg = Release|Any CPU
		{0C757455-4D91-4548-B627-22E4DDBAEB12}.Release|Any CPU.Build.0 = Release|Any CPU
	EndGlobalSection
	GlobalSection(SolutionProperties) = preSolution
		HideSolutionNode = FALSE
	EndGlobalSection
	GlobalSection(ExtensibilityGlobals) = postSolution
		SolutionGuid = {B870E902-B9A7-4433-B9E5-4F1EF3EBC9C6}
	EndGlobalSection
EndGlobal
